Microsoft Visual Studio Solution File, Format Version 12.00
# Visual Studio Version 17
VisualStudioVersion = 17.5.2.0
MinimumVisualStudioVersion = 10.0.40219.1
Project("{FAE04EC0-301F-11D3-BF4B-00C04F79EFBC}") = "Aula03Colecoes", "Aula03Colecoes.csproj", "{87AC19C8-2377-1F88-E72F-DCA6533704BD}"
EndProject
Global
	GlobalSection(SolutionConfigurationPlatforms) = preSolution
		Debug|Any CPU = Debug|Any CPU
		Release|Any CPU = Release|Any CPU
	EndGlobalSection
	GlobalSection(ProjectConfigurationPlatforms) = postSolution
		{87AC19C8-2377-1F88-E72F-DCA6533704BD}.Debug|Any CPU.ActiveCfg = Debug|Any CPU
		{87AC19C8-2377-1F88-E72F-DCA6533704BD}.Debug|Any CPU.Build.0 = Debug|Any CPU
		{87AC19C8-2377-1F88-E72F-DCA6533704BD}.Release|Any CPU.ActiveCfg = Release|Any CPU
		{87AC19C8-2377-1F88-E72F-DCA6533704BD}.Release|Any CPU.Build.0 = Release|Any CPU
	EndGlobalSection
	GlobalSection(SolutionProperties) = preSolution
		HideSolutionNode = FALSE
	EndGlobalSection
	GlobalSection(ExtensibilityGlobals) = postSolution
		SolutionGuid = {880C7DA3-682C-479E-A8C1-04D767100114}
	EndGlobalSection
EndGlobal
